
Microsoft Visual Studio Solution File, Format Version 12.00
# Visual Studio Version 17
VisualStudioVersion = 17.1.32407.343
MinimumVisualStudioVersion = 10.0.40219.1
Project("{9A19103F-16F7-4668-BE54-9A1E7A4F7556}") = "ExadelMentorship.ConsoleApp", "ExadelMentorship.ConsoleApp\ExadelMentorship.ConsoleApp.csproj", "{EC673EB4-E2C5-4A86-9486-58366526DAA9}"
EndProject
Project("{9A19103F-16F7-4668-BE54-9A1E7A4F7556}") = "ExadelMentorship.BusinessLogic", "ExadelMentorship.BusinessLogic\ExadelMentorship.BusinessLogic.csproj", "{980C8B27-3D6B-4300-B665-7EAED0C4F609}"
EndProject
Project("{9A19103F-16F7-4668-BE54-9A1E7A4F7556}") = "ExadelMentorship.DataAccess", "ExadelMentorship.DataAccess\ExadelMentorship.DataAccess.csproj", "{12A20621-944C-4202-955F-1994C7BB62B8}"
EndProject
Project("{FAE04EC0-301F-11D3-BF4B-00C04F79EFBC}") = "ExadelMentorship.Tests", "ExadelMentorship.Tests\ExadelMentorship.Tests.csproj", "{9768A069-AE24-4711-A0E1-A9D520565EA9}"
EndProject
Global
	GlobalSection(SolutionConfigurationPlatforms) = preSolution
		Debug|Any CPU = Debug|Any CPU
		Release|Any CPU = Release|Any CPU
	EndGlobalSection
	GlobalSection(ProjectConfigurationPlatforms) = postSolution
		{EC673EB4-E2C5-4A86-9486-58366526DAA9}.Debug|Any CPU.ActiveCfg = Debug|Any CPU
		{EC673EB4-E2C5-4A86-9486-58366526DAA9}.Debug|Any CPU.Build.0 = Debug|Any CPU
		{EC673EB4-E2C5-4A86-9486-58366526DAA9}.Release|Any CPU.ActiveCfg = Release|Any CPU
		{EC673EB4-E2C5-4A86-9486-58366526DAA9}.Release|Any CPU.Build.0 = Release|Any CPU
		{980C8B27-3D6B-4300-B665-7EAED0C4F609}.Debug|Any CPU.ActiveCfg = Debug|Any CPU
		{980C8B27-3D6B-4300-B665-7EAED0C4F609}.Debug|Any CPU.Build.0 = Debug|Any CPU
		{980C8B27-3D6B-4300-B665-7EAED0C4F609}.Release|Any CPU.ActiveCfg = Release|Any CPU
		{980C8B27-3D6B-4300-B665-7EAED0C4F609}.Release|Any CPU.Build.0 = Release|Any CPU
		{12A20621-944C-4202-955F-1994C7BB62B8}.Debug|Any CPU.ActiveCfg = Debug|Any CPU
		{12A20621-944C-4202-955F-1994C7BB62B8}.Debug|Any CPU.Build.0 = Debug|Any CPU
		{12A20621-944C-4202-955F-1994C7BB62B8}.Release|Any CPU.ActiveCfg = Release|Any CPU
		{12A20621-944C-4202-955F-1994C7BB62B8}.Release|Any CPU.Build.0 = Release|Any CPU
		{9768A069-AE24-4711-A0E1-A9D520565EA9}.Debug|Any CPU.ActiveCfg = Debug|Any CPU
		{9768A069-AE24-4711-A0E1-A9D520565EA9}.Debug|Any CPU.Build.0 = Debug|Any CPU
		{9768A069-AE24-4711-A0E1-A9D520565EA9}.Release|Any CPU.ActiveCfg = Release|Any CPU
		{9768A069-AE24-4711-A0E1-A9D520565EA9}.Release|Any CPU.Build.0 = Release|Any CPU
	EndGlobalSection
	GlobalSection(SolutionProperties) = preSolution
		HideSolutionNode = FALSE
	EndGlobalSection
	GlobalSection(ExtensibilityGlobals) = postSolution
		SolutionGuid = {0896EA2A-96B2-4257-A9E0-7B8FD2C627A4}
	EndGlobalSection
EndGlobal
