
Microsoft Visual Studio Solution File, Format Version 12.00
# Visual Studio Version 17
VisualStudioVersion = 17.1.32407.343
MinimumVisualStudioVersion = 10.0.40219.1
Project("{9A19103F-16F7-4668-BE54-9A1E7A4F7556}") = "ExadelMentorship.ConsoleApp", "ExadelMentorship.ConsoleApp\ExadelMentorship.ConsoleApp.csproj", "{EC673EB4-E2C5-4A86-9486-58366526DAA9}"
EndProject
Project("{9A19103F-16F7-4668-BE54-9A1E7A4F7556}") = "ExadelMentorship.BusinessLogic", "ExadelMentorship.BusinessLogic\ExadelMentorship.BusinessLogic.csproj", "{980C8B27-3D6B-4300-B665-7EAED0C4F609}"
EndProject
Project("{9A19103F-16F7-4668-BE54-9A1E7A4F7556}") = "ExadelMentorship.DataAccess", "ExadelMentorship.DataAccess\ExadelMentorship.DataAccess.csproj", "{12A20621-944C-4202-955F-1994C7BB62B8}"
EndProject
Project("{9A19103F-16F7-4668-BE54-9A1E7A4F7556}") = "ExadelMentorship.UnitTests", "ExadelMentorship.Tests\ExadelMentorship.UnitTests.csproj", "{9768A069-AE24-4711-A0E1-A9D520565EA9}"
EndProject
Project("{9A19103F-16F7-4668-BE54-9A1E7A4F7556}") = "ExadelMentorship.IntegrationTests", "ExadelMentorship.IntegrationTests\ExadelMentorship.IntegrationTests.csproj", "{EAFFCECD-619F-45C7-BC27-63784D98026E}"
EndProject
Project("{9A19103F-16F7-4668-BE54-9A1E7A4F7556}") = "ExadelMentorship.WebApi", "ExadelMentorship.WebApi\ExadelMentorship.WebApi.csproj", "{E3540152-76CF-4112-AF0C-D405C82D2FA6}"
EndProject
Project("{9A19103F-16F7-4668-BE54-9A1E7A4F7556}") = "ExadelMentorship.Persistence", "ExadelMentorship.Persistence\ExadelMentorship.Persistence.csproj", "{976473D4-F61E-455F-B307-2B29D702EFB3}"
EndProject
Project("{9A19103F-16F7-4668-BE54-9A1E7A4F7556}") = "ExadelMentorship.Jobs", "ExadelMentorship.Jobs\ExadelMentorship.Jobs.csproj", "{C44B8B87-4338-4C72-946E-29678D8AB84A}"
EndProject
Project("{9A19103F-16F7-4668-BE54-9A1E7A4F7556}") = "ExadelMentorship.Auth", "ExadelMentorship.Auth\ExadelMentorship.Auth.csproj", "{A4C2AA6A-23A4-4001-8F8D-8F321A36A676}"
EndProject
Project("{FAE04EC0-301F-11D3-BF4B-00C04F79EFBC}") = "ExadelMentorship.BackgroundApp", "ExadelMentorship.BackgroundApp\ExadelMentorship.BackgroundApp.csproj", "{765465D1-EC7C-493C-B2FD-5B2DC4EECA64}"
EndProject
Global
	GlobalSection(SolutionConfigurationPlatforms) = preSolution
		Debug|Any CPU = Debug|Any CPU
		Release|Any CPU = Release|Any CPU
	EndGlobalSection
	GlobalSection(ProjectConfigurationPlatforms) = postSolution
		{EC673EB4-E2C5-4A86-9486-58366526DAA9}.Debug|Any CPU.ActiveCfg = Debug|Any CPU
		{EC673EB4-E2C5-4A86-9486-58366526DAA9}.Debug|Any CPU.Build.0 = Debug|Any CPU
		{EC673EB4-E2C5-4A86-9486-58366526DAA9}.Release|Any CPU.ActiveCfg = Release|Any CPU
		{EC673EB4-E2C5-4A86-9486-58366526DAA9}.Release|Any CPU.Build.0 = Release|Any CPU
		{980C8B27-3D6B-4300-B665-7EAED0C4F609}.Debug|Any CPU.ActiveCfg = Debug|Any CPU
		{980C8B27-3D6B-4300-B665-7EAED0C4F609}.Debug|Any CPU.Build.0 = Debug|Any CPU
		{980C8B27-3D6B-4300-B665-7EAED0C4F609}.Release|Any CPU.ActiveCfg = Release|Any CPU
		{980C8B27-3D6B-4300-B665-7EAED0C4F609}.Release|Any CPU.Build.0 = Release|Any CPU
		{12A20621-944C-4202-955F-1994C7BB62B8}.Debug|Any CPU.ActiveCfg = Debug|Any CPU
		{12A20621-944C-4202-955F-1994C7BB62B8}.Debug|Any CPU.Build.0 = Debug|Any CPU
		{12A20621-944C-4202-955F-1994C7BB62B8}.Release|Any CPU.ActiveCfg = Release|Any CPU
		{12A20621-944C-4202-955F-1994C7BB62B8}.Release|Any CPU.Build.0 = Release|Any CPU
		{9768A069-AE24-4711-A0E1-A9D520565EA9}.Debug|Any CPU.ActiveCfg = Debug|Any CPU
		{9768A069-AE24-4711-A0E1-A9D520565EA9}.Debug|Any CPU.Build.0 = Debug|Any CPU
		{9768A069-AE24-4711-A0E1-A9D520565EA9}.Release|Any CPU.ActiveCfg = Release|Any CPU
		{9768A069-AE24-4711-A0E1-A9D520565EA9}.Release|Any CPU.Build.0 = Release|Any CPU
		{EAFFCECD-619F-45C7-BC27-63784D98026E}.Debug|Any CPU.ActiveCfg = Debug|Any CPU
		{EAFFCECD-619F-45C7-BC27-63784D98026E}.Debug|Any CPU.Build.0 = Debug|Any CPU
		{EAFFCECD-619F-45C7-BC27-63784D98026E}.Release|Any CPU.ActiveCfg = Release|Any CPU
		{EAFFCECD-619F-45C7-BC27-63784D98026E}.Release|Any CPU.Build.0 = Release|Any CPU
		{E3540152-76CF-4112-AF0C-D405C82D2FA6}.Debug|Any CPU.ActiveCfg = Debug|Any CPU
		{E3540152-76CF-4112-AF0C-D405C82D2FA6}.Debug|Any CPU.Build.0 = Debug|Any CPU
		{E3540152-76CF-4112-AF0C-D405C82D2FA6}.Release|Any CPU.ActiveCfg = Release|Any CPU
		{E3540152-76CF-4112-AF0C-D405C82D2FA6}.Release|Any CPU.Build.0 = Release|Any CPU
		{976473D4-F61E-455F-B307-2B29D702EFB3}.Debug|Any CPU.ActiveCfg = Debug|Any CPU
		{976473D4-F61E-455F-B307-2B29D702EFB3}.Debug|Any CPU.Build.0 = Debug|Any CPU
		{976473D4-F61E-455F-B307-2B29D702EFB3}.Release|Any CPU.ActiveCfg = Release|Any CPU
		{976473D4-F61E-455F-B307-2B29D702EFB3}.Release|Any CPU.Build.0 = Release|Any CPU
		{C44B8B87-4338-4C72-946E-29678D8AB84A}.Debug|Any CPU.ActiveCfg = Debug|Any CPU
		{C44B8B87-4338-4C72-946E-29678D8AB84A}.Debug|Any CPU.Build.0 = Debug|Any CPU
		{C44B8B87-4338-4C72-946E-29678D8AB84A}.Release|Any CPU.ActiveCfg = Release|Any CPU
		{C44B8B87-4338-4C72-946E-29678D8AB84A}.Release|Any CPU.Build.0 = Release|Any CPU
		{A4C2AA6A-23A4-4001-8F8D-8F321A36A676}.Debug|Any CPU.ActiveCfg = Debug|Any CPU
		{A4C2AA6A-23A4-4001-8F8D-8F321A36A676}.Debug|Any CPU.Build.0 = Debug|Any CPU
		{A4C2AA6A-23A4-4001-8F8D-8F321A36A676}.Release|Any CPU.ActiveCfg = Release|Any CPU
		{A4C2AA6A-23A4-4001-8F8D-8F321A36A676}.Release|Any CPU.Build.0 = Release|Any CPU
		{765465D1-EC7C-493C-B2FD-5B2DC4EECA64}.Debug|Any CPU.ActiveCfg = Debug|Any CPU
		{765465D1-EC7C-493C-B2FD-5B2DC4EECA64}.Debug|Any CPU.Build.0 = Debug|Any CPU
		{765465D1-EC7C-493C-B2FD-5B2DC4EECA64}.Release|Any CPU.ActiveCfg = Release|Any CPU
		{765465D1-EC7C-493C-B2FD-5B2DC4EECA64}.Release|Any CPU.Build.0 = Release|Any CPU
	EndGlobalSection
	GlobalSection(SolutionProperties) = preSolution
		HideSolutionNode = FALSE
	EndGlobalSection
	GlobalSection(ExtensibilityGlobals) = postSolution
		SolutionGuid = {0896EA2A-96B2-4257-A9E0-7B8FD2C627A4}
	EndGlobalSection
EndGlobal
